
Microsoft Visual Studio Solution File, Format Version 12.00
# Visual Studio Version 17
VisualStudioVersion = 17.14.36408.4 d17.14
MinimumVisualStudioVersion = 10.0.40219.1
Project("{FAE04EC0-301F-11D3-BF4B-00C04F79EFBC}") = "Reppu", "Reppu\Reppu.csproj", "{159A307E-0C43-44F2-BEEE-6E1977A6D798}"
EndProject
Global
	GlobalSection(SolutionConfigurationPlatforms) = preSolution
		Debug|Any CPU = Debug|Any CPU
		Release|Any CPU = Release|Any CPU
	EndGlobalSection
	GlobalSection(ProjectConfigurationPlatforms) = postSolution
		{159A307E-0C43-44F2-BEEE-6E1977A6D798}.Debug|Any CPU.ActiveCfg = Debug|Any CPU
		{159A307E-0C43-44F2-BEEE-6E1977A6D798}.Debug|Any CPU.Build.0 = Debug|Any CPU
		{159A307E-0C43-44F2-BEEE-6E1977A6D798}.Release|Any CPU.ActiveCfg = Release|Any CPU
		{159A307E-0C43-44F2-BEEE-6E1977A6D798}.Release|Any CPU.Build.0 = Release|Any CPU
	EndGlobalSection
	GlobalSection(SolutionProperties) = preSolution
		HideSolutionNode = FALSE
	EndGlobalSection
	GlobalSection(ExtensibilityGlobals) = postSolution
		SolutionGuid = {C69098E7-6856-4795-AEA0-3B93138749E9}
	EndGlobalSection
EndGlobal
